{
  "name": "@remote-radio/radio-lite-server",
  "version": "0.1.0",
  "lockfileVersion": 3,
  "requires": true,
  "packages": {
    "": {
      "name": "@remote-radio/radio-lite-server",
      "version": "0.1.0",
      "dependencies": {
        "icom-wlan-node": "0.6.4",
        "tci-client-node": "0.2.0",
        "ws": "8.21.3",
        "wsjtx-lib": "2.1.3"
      },
      "devDependencies": {
        "@types/node": "^24.13.3",
        "@types/ws": "^8.18.1",
        "typescript": "^5.9.3"
      },
      "engines": {
        "node": ">=24.7.0"
      }
    },
    "node_modules/@types/node": {
      "version": "24.13.3",
      "resolved": "https://registry.npmjs.org/@types/node/-/node-24.13.3.tgz",
      "integrity": "sha512-Dh8vAsV36ig5wa9OX4pXvMc9D3Veibfw2wix0CUwYODLD8nkj9UsLjASr49nPg+2eKzxhBV+v7L8pXvT4e639Q==",
      "dev": true,
      "license": "MIT",
      "dependencies": {
        "undici-types": "~7.18.0"
      }
    },
    "node_modules/@types/ws": {
      "version": "8.18.1",
      "resolved": "https://registry.npmjs.org/@types/ws/-/ws-8.18.1.tgz",
      "integrity": "sha512-ThVF6DCVhA8kUGy+aazFQ4kXQ7E1Ty7A3ypFOe0IcJV8O/M511G99AW24irKrW56Wt44yG9+ij8FaqoBGkuBXg==",
      "dev": true,
      "license": "MIT",
      "dependencies": {
        "@types/node": "*"
      }
    },
    "node_modules/eventemitter3": {
      "version": "5.0.4",
      "resolved": "https://registry.npmjs.org/eventemitter3/-/eventemitter3-5.0.4.tgz",
      "integrity": "sha512-mlsTRyGaPBjPedk6Bvw+aqbsXDtoAyAzm5MO7JgU+yVRyMQ5O8bD4Kcci7BS85f93veegeCPkL8R4GLClnjLFw==",
      "license": "MIT"
    },
    "node_modules/icom-wlan-node": {
      "version": "0.6.4",
      "resolved": "https://registry.npmjs.org/icom-wlan-node/-/icom-wlan-node-0.6.4.tgz",
      "integrity": "sha512-3ymXmfJEwWH3MBoNeJACxAVDS9BPHhAuVg/TXlv2PbWoqShy20Cw5jMFAxw8C23l0WwZ8K8UNiKJOBmSyIZ9rQ==",
      "license": "MIT"
    },
    "node_modules/node-addon-api": {
      "version": "8.9.2",
      "resolved": "https://registry.npmjs.org/node-addon-api/-/node-addon-api-8.9.2.tgz",
      "integrity": "sha512-VijLXbi3UACN69I0JVXJsX4tjACjNoQDgv2gTF6sx2wWEi8tkSg2eX8p5gSIFi8z2+DL3oHmY6OyKce38SDolg==",
      "license": "MIT",
      "engines": {
        "node": "^18 || ^20 || >= 21"
      }
    },
    "node_modules/node-gyp-build": {
      "version": "4.8.4",
      "resolved": "https://registry.npmjs.org/node-gyp-build/-/node-gyp-build-4.8.4.tgz",
      "integrity": "sha512-LA4ZjwlnUblHVgq0oBF3Jl/6h/Nvs5fzBLwdEF4nuxnFdsfajde4WfxtJr3CaiH+F6ewcIB/q4jQ4UzPyid+CQ==",
      "license": "MIT",
      "bin": {
        "node-gyp-build": "bin.js",
        "node-gyp-build-optional": "optional.js",
        "node-gyp-build-test": "build-test.js"
      }
    },
    "node_modules/tci-client-node": {
      "version": "0.2.0",
      "resolved": "https://registry.npmjs.org/tci-client-node/-/tci-client-node-0.2.0.tgz",
      "integrity": "sha512-qjDtld6mUa+WFZiSwSnh83L0zKEnDEwQ4gWe2/R3ivnXBNVO7Z35dHZb5Q1UCraWDL5qOun2sIkn/tgIp1ZT+A==",
      "license": "MIT",
      "dependencies": {
        "eventemitter3": "^5.0.1",
        "ws": "^8.18.3"
      },
      "engines": {
        "node": ">=20"
      }
    },
    "node_modules/typescript": {
      "version": "5.9.3",
      "resolved": "https://registry.npmjs.org/typescript/-/typescript-5.9.3.tgz",
      "integrity": "sha512-jl1vZzPDinLr9eUt3J/t7V6FgNEw9QjvBPdysz9KfQDD41fQrC2Y4vKQdiaUpFT4bXlb1RHhLpp8wtm6M5TgSw==",
      "dev": true,
      "license": "Apache-2.0",
      "bin": {
        "tsc": "bin/tsc",
        "tsserver": "bin/tsserver"
      },
      "engines": {
        "node": ">=14.17"
      }
    },
    "node_modules/undici-types": {
      "version": "7.18.2",
      "resolved": "https://registry.npmjs.org/undici-types/-/undici-types-7.18.2.tgz",
      "integrity": "sha512-AsuCzffGHJybSaRrmr5eHr81mwJU3kjw6M+uprWvCXiNeN9SOGwQ3Jn8jb8m3Z6izVgknn1R0FTCEAP2QrLY/w==",
      "dev": true,
      "license": "MIT"
    },
    "node_modules/ws": {
      "version": "8.21.3",
      "resolved": "https://registry.npmjs.org/ws/-/ws-8.21.3.tgz",
      "integrity": "sha512-201TZ/kPWxoPr/OKWjquZR1SWKXcvxdH+e1xrx89b3YbmzLMFCLfnaG1HFIgWzJOEWZ7MvpK++odZufgYR50Rw==",
      "license": "MIT",
      "engines": {
        "node": ">=10.0.0"
      },
      "peerDependencies": {
        "bufferutil": "^4.0.1",
        "utf-8-validate": ">=5.0.2"
      },
      "peerDependenciesMeta": {
        "bufferutil": {
          "optional": true
        },
        "utf-8-validate": {
          "optional": true
        }
      }
    },
    "node_modules/wsjtx-lib": {
      "version": "2.1.3",
      "resolved": "https://registry.npmjs.org/wsjtx-lib/-/wsjtx-lib-2.1.3.tgz",
      "integrity": "sha512-2/6u/nK5ightaWYugThNYm9f7sgqEYnjscwPy6dVL/j/5a3+KzRVUbK8ZW8BBhY37gJPrQacK2UdPuMgHXlXAA==",
      "cpu": [
        "x64",
        "arm64"
      ],
      "license": "GPL-3.0",
      "os": [
        "darwin",
        "linux",
        "win32"
      ],
      "dependencies": {
        "node-addon-api": "^8.3.1",
        "node-gyp-build": "^4.8.0"
      },
      "engines": {
        "node": ">=16.0.0"
      }
    }
  }
}
